
Microsoft Visual Studio Solution File, Format Version 12.00
# Visual Studio Version 16
VisualStudioVersion = 16.0.29009.5
MinimumVisualStudioVersion = 10.0.40219.1
Project("{FAE04EC0-301F-11D3-BF4B-00C04F79EFBC}") = "Teste", "Teste\Teste.csproj", "{285E99E5-9E29-47B9-9730-917327567875}"
EndProject
Global
	GlobalSection(SolutionConfigurationPlatforms) = preSolution
		Debug|Any CPU = Debug|Any CPU
		Release|Any CPU = Release|Any CPU
	EndGlobalSection
	GlobalSection(ProjectConfigurationPlatforms) = postSolution
		{285E99E5-9E29-47B9-9730-917327567875}.Debug|Any CPU.ActiveCfg = Debug|Any CPU
		{285E99E5-9E29-47B9-9730-917327567875}.Debug|Any CPU.Build.0 = Debug|Any CPU
		{285E99E5-9E29-47B9-9730-917327567875}.Release|Any CPU.ActiveCfg = Release|Any CPU
		{285E99E5-9E29-47B9-9730-917327567875}.Release|Any CPU.Build.0 = Release|Any CPU
	EndGlobalSection
	GlobalSection(SolutionProperties) = preSolution
		HideSolutionNode = FALSE
	EndGlobalSection
	GlobalSection(ExtensibilityGlobals) = postSolution
		SolutionGuid = {E184C8BB-3746-4789-9527-799EEBED6793}
	EndGlobalSection
EndGlobal
